
Microsoft Visual Studio Solution File, Format Version 12.00
# Visual Studio Version 17
VisualStudioVersion = 17.3.32825.248
MinimumVisualStudioVersion = 10.0.40219.1
Project("{FAE04EC0-301F-11D3-BF4B-00C04F79EFBC}") = "10.13-Exec_DeclareString", "10.13-Exec_DeclareString\10.13-Exec_DeclareString.csproj", "{1DC4BD7E-5030-4C38-91ED-2B740C3A7C27}"
EndProject
Global
	GlobalSection(SolutionConfigurationPlatforms) = preSolution
		Debug|Any CPU = Debug|Any CPU
		Release|Any CPU = Release|Any CPU
	EndGlobalSection
	GlobalSection(ProjectConfigurationPlatforms) = postSolution
		{1DC4BD7E-5030-4C38-91ED-2B740C3A7C27}.Debug|Any CPU.ActiveCfg = Debug|Any CPU
		{1DC4BD7E-5030-4C38-91ED-2B740C3A7C27}.Debug|Any CPU.Build.0 = Debug|Any CPU
		{1DC4BD7E-5030-4C38-91ED-2B740C3A7C27}.Release|Any CPU.ActiveCfg = Release|Any CPU
		{1DC4BD7E-5030-4C38-91ED-2B740C3A7C27}.Release|Any CPU.Build.0 = Release|Any CPU
	EndGlobalSection
	GlobalSection(SolutionProperties) = preSolution
		HideSolutionNode = FALSE
	EndGlobalSection
	GlobalSection(ExtensibilityGlobals) = postSolution
		SolutionGuid = {6105671F-AD41-4E90-8B9C-0D66F44ED7EB}
	EndGlobalSection
EndGlobal
